
Microsoft Visual Studio Solution File, Format Version 12.00
# Visual Studio Version 17
VisualStudioVersion = 17.8.34309.116
MinimumVisualStudioVersion = 10.0.40219.1
Project("{FAE04EC0-301F-11D3-BF4B-00C04F79EFBC}") = "JobTrackPro", "JobTrackPro.csproj", "{A6CC42FD-6E6E-427D-A672-2F808F2C4F3A}"
EndProject
Global
	GlobalSection(SolutionConfigurationPlatforms) = preSolution
		Debug|Any CPU = Debug|Any CPU
		Release|Any CPU = Release|Any CPU
	EndGlobalSection
	GlobalSection(ProjectConfigurationPlatforms) = postSolution
		{A6CC42FD-6E6E-427D-A672-2F808F2C4F3A}.Debug|Any CPU.ActiveCfg = Debug|Any CPU
		{A6CC42FD-6E6E-427D-A672-2F808F2C4F3A}.Debug|Any CPU.Build.0 = Debug|Any CPU
		{A6CC42FD-6E6E-427D-A672-2F808F2C4F3A}.Release|Any CPU.ActiveCfg = Release|Any CPU
		{A6CC42FD-6E6E-427D-A672-2F808F2C4F3A}.Release|Any CPU.Build.0 = Release|Any CPU
	EndGlobalSection
	GlobalSection(SolutionProperties) = preSolution
		HideSolutionNode = FALSE
	EndGlobalSection
	GlobalSection(ExtensibilityGlobals) = postSolution
		SolutionGuid = {E0350D66-0D7D-4407-A38A-6097815EA2B2}
	EndGlobalSection
EndGlobal
